
Microsoft Visual Studio Solution File, Format Version 12.00
# Visual Studio Version 17
VisualStudioVersion = 17.1.32414.318
MinimumVisualStudioVersion = 10.0.40219.1
Project("{2150E333-8FDC-42A3-9474-1A3956D46DE8}") = "1-Presentation", "1-Presentation", "{9D75C69F-DF3C-43A2-B66D-FACF7DA849D0}"
EndProject
Project("{2150E333-8FDC-42A3-9474-1A3956D46DE8}") = "2-Application", "2-Application", "{DC44CE04-1242-4832-8500-47894C76342D}"
EndProject
Project("{2150E333-8FDC-42A3-9474-1A3956D46DE8}") = "3-Domain", "3-Domain", "{FEADE58C-B589-40A2-80C2-6AA8C50AFBA3}"
EndProject
Project("{2150E333-8FDC-42A3-9474-1A3956D46DE8}") = "4-Infra", "4-Infra", "{22B7CBB4-98A8-4384-A1FF-FFB02F4125E3}"
EndProject
Project("{2150E333-8FDC-42A3-9474-1A3956D46DE8}") = "5-Test", "5-Test", "{8C9C69AE-64E6-41FA-8C89-0B9077022940}"
EndProject
Project("{9A19103F-16F7-4668-BE54-9A1E7A4F7556}") = "VCCS.Api", "VCCS.Api\VCCS.Api.csproj", "{4F6CE8D4-66C1-46DF-8864-92A99C4FAC05}"
EndProject
Project("{9A19103F-16F7-4668-BE54-9A1E7A4F7556}") = "VCCS.Application", "VCCS.Application\VCCS.Application.csproj", "{C9F2537E-EF8E-47D4-AD05-1EADF50F5D43}"
EndProject
Project("{9A19103F-16F7-4668-BE54-9A1E7A4F7556}") = "VCCS.Domain", "VCCS.Domain\VCCS.Domain.csproj", "{0E69A3A1-473E-41E2-BBF6-BB2A322AC4B9}"
EndProject
Project("{9A19103F-16F7-4668-BE54-9A1E7A4F7556}") = "VCCS.Infra.CrossCuting.Helpers", "VCCS.Infra.CrossCuting.Helpers\VCCS.Infra.CrossCuting.Helpers.csproj", "{0D458623-0D7C-4ACA-B22C-3704F17F0F4C}"
EndProject
Project("{9A19103F-16F7-4668-BE54-9A1E7A4F7556}") = "VCCS.Infra.CrossCuting.IoC", "VCCS.Infra.CrossCuting\VCCS.Infra.CrossCuting.IoC.csproj", "{6014913E-3CDD-427D-B5F8-667200C02611}"
EndProject
Project("{9A19103F-16F7-4668-BE54-9A1E7A4F7556}") = "VCCS.Infra.Data", "VCCS.Infra.Data\VCCS.Infra.Data.csproj", "{85CAAAEB-5A56-489D-9CDB-34570C9FD2C1}"
EndProject
Project("{9A19103F-16F7-4668-BE54-9A1E7A4F7556}") = "VCCS.Test", "VCCS.Test\VCCS.Test.csproj", "{5DDF29DF-DEEB-44F2-8F90-CEF2A64F50A3}"
EndProject
Global
	GlobalSection(SolutionConfigurationPlatforms) = preSolution
		Debug|Any CPU = Debug|Any CPU
		Release|Any CPU = Release|Any CPU
	EndGlobalSection
	GlobalSection(ProjectConfigurationPlatforms) = postSolution
		{4F6CE8D4-66C1-46DF-8864-92A99C4FAC05}.Debug|Any CPU.ActiveCfg = Debug|Any CPU
		{4F6CE8D4-66C1-46DF-8864-92A99C4FAC05}.Debug|Any CPU.Build.0 = Debug|Any CPU
		{4F6CE8D4-66C1-46DF-8864-92A99C4FAC05}.Release|Any CPU.ActiveCfg = Release|Any CPU
		{4F6CE8D4-66C1-46DF-8864-92A99C4FAC05}.Release|Any CPU.Build.0 = Release|Any CPU
		{C9F2537E-EF8E-47D4-AD05-1EADF50F5D43}.Debug|Any CPU.ActiveCfg = Debug|Any CPU
		{C9F2537E-EF8E-47D4-AD05-1EADF50F5D43}.Debug|Any CPU.Build.0 = Debug|Any CPU
		{C9F2537E-EF8E-47D4-AD05-1EADF50F5D43}.Release|Any CPU.ActiveCfg = Release|Any CPU
		{C9F2537E-EF8E-47D4-AD05-1EADF50F5D43}.Release|Any CPU.Build.0 = Release|Any CPU
		{0E69A3A1-473E-41E2-BBF6-BB2A322AC4B9}.Debug|Any CPU.ActiveCfg = Debug|Any CPU
		{0E69A3A1-473E-41E2-BBF6-BB2A322AC4B9}.Debug|Any CPU.Build.0 = Debug|Any CPU
		{0E69A3A1-473E-41E2-BBF6-BB2A322AC4B9}.Release|Any CPU.ActiveCfg = Release|Any CPU
		{0E69A3A1-473E-41E2-BBF6-BB2A322AC4B9}.Release|Any CPU.Build.0 = Release|Any CPU
		{0D458623-0D7C-4ACA-B22C-3704F17F0F4C}.Debug|Any CPU.ActiveCfg = Debug|Any CPU
		{0D458623-0D7C-4ACA-B22C-3704F17F0F4C}.Debug|Any CPU.Build.0 = Debug|Any CPU
		{0D458623-0D7C-4ACA-B22C-3704F17F0F4C}.Release|Any CPU.ActiveCfg = Release|Any CPU
		{0D458623-0D7C-4ACA-B22C-3704F17F0F4C}.Release|Any CPU.Build.0 = Release|Any CPU
		{6014913E-3CDD-427D-B5F8-667200C02611}.Debug|Any CPU.ActiveCfg = Debug|Any CPU
		{6014913E-3CDD-427D-B5F8-667200C02611}.Debug|Any CPU.Build.0 = Debug|Any CPU
		{6014913E-3CDD-427D-B5F8-667200C02611}.Release|Any CPU.ActiveCfg = Release|Any CPU
		{6014913E-3CDD-427D-B5F8-667200C02611}.Release|Any CPU.Build.0 = Release|Any CPU
		{85CAAAEB-5A56-489D-9CDB-34570C9FD2C1}.Debug|Any CPU.ActiveCfg = Debug|Any CPU
		{85CAAAEB-5A56-489D-9CDB-34570C9FD2C1}.Debug|Any CPU.Build.0 = Debug|Any CPU
		{85CAAAEB-5A56-489D-9CDB-34570C9FD2C1}.Release|Any CPU.ActiveCfg = Release|Any CPU
		{85CAAAEB-5A56-489D-9CDB-34570C9FD2C1}.Release|Any CPU.Build.0 = Release|Any CPU
		{5DDF29DF-DEEB-44F2-8F90-CEF2A64F50A3}.Debug|Any CPU.ActiveCfg = Debug|Any CPU
		{5DDF29DF-DEEB-44F2-8F90-CEF2A64F50A3}.Debug|Any CPU.Build.0 = Debug|Any CPU
		{5DDF29DF-DEEB-44F2-8F90-CEF2A64F50A3}.Release|Any CPU.ActiveCfg = Release|Any CPU
		{5DDF29DF-DEEB-44F2-8F90-CEF2A64F50A3}.Release|Any CPU.Build.0 = Release|Any CPU
	EndGlobalSection
	GlobalSection(SolutionProperties) = preSolution
		HideSolutionNode = FALSE
	EndGlobalSection
	GlobalSection(NestedProjects) = preSolution
		{4F6CE8D4-66C1-46DF-8864-92A99C4FAC05} = {9D75C69F-DF3C-43A2-B66D-FACF7DA849D0}
		{C9F2537E-EF8E-47D4-AD05-1EADF50F5D43} = {DC44CE04-1242-4832-8500-47894C76342D}
		{0E69A3A1-473E-41E2-BBF6-BB2A322AC4B9} = {FEADE58C-B589-40A2-80C2-6AA8C50AFBA3}
		{0D458623-0D7C-4ACA-B22C-3704F17F0F4C} = {22B7CBB4-98A8-4384-A1FF-FFB02F4125E3}
		{6014913E-3CDD-427D-B5F8-667200C02611} = {22B7CBB4-98A8-4384-A1FF-FFB02F4125E3}
		{85CAAAEB-5A56-489D-9CDB-34570C9FD2C1} = {22B7CBB4-98A8-4384-A1FF-FFB02F4125E3}
		{5DDF29DF-DEEB-44F2-8F90-CEF2A64F50A3} = {8C9C69AE-64E6-41FA-8C89-0B9077022940}
	EndGlobalSection
	GlobalSection(ExtensibilityGlobals) = postSolution
		SolutionGuid = {23555413-DE08-4EC7-9ECB-EF56E08A2F3A}
	EndGlobalSection
EndGlobal
